
Microsoft Visual Studio Solution File, Format Version 12.00
Project("{FAE04EC0-301F-11D3-BF4B-00C04F79EFBC}") = "GoingMedievalModLauncher", "GoingMedievalModLauncher\GoingMedievalModLauncher.csproj", "{91AECC71-AB38-4E60-BC8D-34263B818A39}"
EndProject
Project("{FAE04EC0-301F-11D3-BF4B-00C04F79EFBC}") = "BugReportDisablerPlugin", "BugReportDisablerPlugin\BugReportDisablerPlugin.csproj", "{6019B364-210A-45AB-9E74-192953A87867}"
EndProject
Project("{FAE04EC0-301F-11D3-BF4B-00C04F79EFBC}") = "CameraSettingsPlusPlusPlugin", "CameraSettingsPlusPlusPlugin\CameraSettingsPlusPlusPlugin.csproj", "{6A832903-46EF-44D2-887B-1163155404D1}"
EndProject
Project("{FAE04EC0-301F-11D3-BF4B-00C04F79EFBC}") = "DeveloperConsoleEnablerPlugin", "DeveloperConsoleEnablerPlugin\DeveloperConsoleEnablerPlugin.csproj", "{5F7E1517-9E19-45B7-BFE4-2191852091C4}"
EndProject
Project("{FAE04EC0-301F-11D3-BF4B-00C04F79EFBC}") = "AdditionalMapSizesPlugin", "AdditionalMapSizesPlugin\AdditionalMapSizesPlugin.csproj", "{E4B8324F-9744-441D-A1CD-D3D74594EFEC}"
EndProject
Project("{FAE04EC0-301F-11D3-BF4B-00C04F79EFBC}") = "DummyPlugin", "DummyPlugin\DummyPlugin.csproj", "{7E2FAB97-5DB2-4683-A07D-3C35E5ED97C0}"
EndProject
Project("{FAE04EC0-301F-11D3-BF4B-00C04F79EFBC}") = "ExperimentalMod", "ExperimentalMod\ExperimentalMod.csproj", "{AFB3E9BE-3087-4033-8B07-E5F18D99A25F}"
EndProject
Project("{FAE04EC0-301F-11D3-BF4B-00C04F79EFBC}") = "ExampleMenuMod", "ExampleMenuMod\ExampleMenuMod.csproj", "{EDE0D18F-D050-437B-8A12-D6593EE7168E}"
EndProject
Global
	GlobalSection(SolutionConfigurationPlatforms) = preSolution
		Debug|Any CPU = Debug|Any CPU
		Release|Any CPU = Release|Any CPU
	EndGlobalSection
	GlobalSection(ProjectConfigurationPlatforms) = postSolution
		{91AECC71-AB38-4E60-BC8D-34263B818A39}.Debug|Any CPU.ActiveCfg = Debug|Any CPU
		{91AECC71-AB38-4E60-BC8D-34263B818A39}.Debug|Any CPU.Build.0 = Debug|Any CPU
		{91AECC71-AB38-4E60-BC8D-34263B818A39}.Release|Any CPU.ActiveCfg = Release|Any CPU
		{91AECC71-AB38-4E60-BC8D-34263B818A39}.Release|Any CPU.Build.0 = Release|Any CPU
		{6019B364-210A-45AB-9E74-192953A87867}.Debug|Any CPU.ActiveCfg = Debug|Any CPU
		{6019B364-210A-45AB-9E74-192953A87867}.Debug|Any CPU.Build.0 = Debug|Any CPU
		{6019B364-210A-45AB-9E74-192953A87867}.Release|Any CPU.ActiveCfg = Release|Any CPU
		{6019B364-210A-45AB-9E74-192953A87867}.Release|Any CPU.Build.0 = Release|Any CPU
		{6A832903-46EF-44D2-887B-1163155404D1}.Debug|Any CPU.ActiveCfg = Debug|Any CPU
		{6A832903-46EF-44D2-887B-1163155404D1}.Debug|Any CPU.Build.0 = Debug|Any CPU
		{6A832903-46EF-44D2-887B-1163155404D1}.Release|Any CPU.ActiveCfg = Release|Any CPU
		{6A832903-46EF-44D2-887B-1163155404D1}.Release|Any CPU.Build.0 = Release|Any CPU
		{5F7E1517-9E19-45B7-BFE4-2191852091C4}.Debug|Any CPU.ActiveCfg = Debug|Any CPU
		{5F7E1517-9E19-45B7-BFE4-2191852091C4}.Debug|Any CPU.Build.0 = Debug|Any CPU
		{5F7E1517-9E19-45B7-BFE4-2191852091C4}.Release|Any CPU.ActiveCfg = Release|Any CPU
		{5F7E1517-9E19-45B7-BFE4-2191852091C4}.Release|Any CPU.Build.0 = Release|Any CPU
		{E4B8324F-9744-441D-A1CD-D3D74594EFEC}.Debug|Any CPU.ActiveCfg = Debug|Any CPU
		{E4B8324F-9744-441D-A1CD-D3D74594EFEC}.Debug|Any CPU.Build.0 = Debug|Any CPU
		{E4B8324F-9744-441D-A1CD-D3D74594EFEC}.Release|Any CPU.ActiveCfg = Release|Any CPU
		{E4B8324F-9744-441D-A1CD-D3D74594EFEC}.Release|Any CPU.Build.0 = Release|Any CPU
		{7E2FAB97-5DB2-4683-A07D-3C35E5ED97C0}.Debug|Any CPU.ActiveCfg = Debug|Any CPU
		{7E2FAB97-5DB2-4683-A07D-3C35E5ED97C0}.Release|Any CPU.ActiveCfg = Release|Any CPU
		{7E2FAB97-5DB2-4683-A07D-3C35E5ED97C0}.Release|Any CPU.Build.0 = Release|Any CPU
		{AFB3E9BE-3087-4033-8B07-E5F18D99A25F}.Debug|Any CPU.ActiveCfg = Debug|Any CPU
		{AFB3E9BE-3087-4033-8B07-E5F18D99A25F}.Debug|Any CPU.Build.0 = Debug|Any CPU
		{AFB3E9BE-3087-4033-8B07-E5F18D99A25F}.Release|Any CPU.ActiveCfg = Release|Any CPU
		{AFB3E9BE-3087-4033-8B07-E5F18D99A25F}.Release|Any CPU.Build.0 = Release|Any CPU
		{EDE0D18F-D050-437B-8A12-D6593EE7168E}.Debug|Any CPU.ActiveCfg = Debug|Any CPU
		{EDE0D18F-D050-437B-8A12-D6593EE7168E}.Debug|Any CPU.Build.0 = Debug|Any CPU
		{EDE0D18F-D050-437B-8A12-D6593EE7168E}.Release|Any CPU.ActiveCfg = Release|Any CPU
		{EDE0D18F-D050-437B-8A12-D6593EE7168E}.Release|Any CPU.Build.0 = Release|Any CPU
	EndGlobalSection
EndGlobal
